// !$*UTF8*$!
{
	archiveVersion = 1;
	classes = {
	};
	objectVersion = 46;
	objects = {

/* Begin PBXBuildFile section */
		3678F2C61F50B68800F7C25D /* AppDelegate.swift in Sources */ = {isa = PBXBuildFile; fileRef = 3678F2C51F50B68800F7C25D /* AppDelegate.swift */; };
		3678F2C81F50B68800F7C25D /* ViewController.swift in Sources */ = {isa = PBXBuildFile; fileRef = 3678F2C71F50B68800F7C25D /* ViewController.swift */; };
		3678F2CB1F50B68800F7C25D /* Main.storyboard in Resources */ = {isa = PBXBuildFile; fileRef = 3678F2C91F50B68800F7C25D /* Main.storyboard */; };
		3678F2CD1F50B68800F7C25D /* Assets.xcassets in Resources */ = {isa = PBXBuildFile; fileRef = 3678F2CC1F50B68800F7C25D /* Assets.xcassets */; };
		3678F2D01F50B68800F7C25D /* LaunchScreen.storyboard in Resources */ = {isa = PBXBuildFile; fileRef = 3678F2CE1F50B68800F7C25D /* LaunchScreen.storyboard */; };
/* End PBXBuildFile section */

/* Begin PBXFileReference section */
		3678F2C21F50B68800F7C25D /* Intro to Realm.app */ = {isa = PBXFileReference; explicitFileType = wrapper.application; includeInIndex = 0; path = "Intro to Realm.app"; sourceTree = BUILT_PRODUCTS_DIR; };
		3678F2C51F50B68800F7C25D /* AppDelegate.swift */ = {isa = PBXFileReference; lastKnownFileType = sourcecode.swift; path = AppDelegate.swift; sourceTree = "<group>"; };
		3678F2C71F50B68800F7C25D /* ViewController.swift */ = {isa = PBXFileReference; lastKnownFileType = sourcecode.swift; path = ViewController.swift; sourceTree = "<group>"; };
		3678F2CA1F50B68800F7C25D /* Base */ = {isa = PBXFileReference; lastKnownFileType = file.storyboard; name = Base; path = Base.lproj/Main.storyboard; sourceTree = "<group>"; };
		3678F2CC1F50B68800F7C25D /* Assets.xcassets */ = {isa = PBXFileReference; lastKnownFileType = folder.assetcatalog; path = Assets.xcassets; sourceTree = "<group>"; };
		3678F2CF1F50B68800F7C25D /* Base */ = {isa = PBXFileReference; lastKnownFileType = file.storyboard; name = Base; path = Base.lproj/LaunchScreen.storyboard; sourceTree = "<group>"; };
		3678F2D11F50B68800F7C25D /* Info.plist */ = {isa = PBXFileReference; lastKnownFileType = text.plist.xml; path = Info.plist; sourceTree = "<group>"; };
/* End PBXFileReference section */

/* Begin PBXFrameworksBuildPhase section */
		3678F2BF1F50B68800F7C25D /* Frameworks */ = {
			isa = PBXFrameworksBuildPhase;
			buildActionMask = 2147483647;
			files = (
			);
			runOnlyForDeploymentPostprocessing = 0;
		};
/* End PBXFrameworksBuildPhase section */

/* Begin PBXGroup section */
		3678F2B91F50B68800F7C25D = {
			isa = PBXGroup;
			children = (
				3678F2C41F50B68800F7C25D /* Intro to Realm */,
				3678F2C31F50B68800F7C25D /* Products */,
			);
			sourceTree = "<group>";
		};
		3678F2C31F50B68800F7C25D /* Products */ = {
			isa = PBXGroup;
			children = (
				3678F2C21F50B68800F7C25D /* Intro to Realm.app */,
			);
			name = Products;
			sourceTree = "<group>";
		};
		3678F2C41F50B68800F7C25D /* Intro to Realm */ = {
			isa = PBXGroup;
			children = (
				3678F2C51F50B68800F7C25D /* AppDelegate.swift */,
				3678F2C71F50B68800F7C25D /* ViewController.swift */,
				3678F2C91F50B68800F7C25D /* Main.storyboard */,
				3678F2CC1F50B68800F7C25D /* Assets.xcassets */,
				3678F2CE1F50B68800F7C25D /* LaunchScreen.storyboard */,
				3678F2D11F50B68800F7C25D /* Info.plist */,
			);
			path = "Intro to Realm";
			sourceTree = "<group>";
		};
/* End PBXGroup section */

/* Begin PBXNativeTarget section */
		3678F2C11F50B68800F7C25D /* Intro to Realm */ = {
			isa = PBXNativeTarget;
			buildConfigurationList = 3678F2D41F50B68800F7C25D /* Build configuration list for PBXNativeTarget "Intro to Realm" */;
			buildPhases = (
				3678F2BE1F50B68800F7C25D /* Sources */,
				3678F2BF1F50B68800F7C25D /* Frameworks */,
				3678F2C01F50B68800F7C25D /* Resources */,
			);
			buildRules = (
			);
			dependencies = (
			);
			name = "Intro to Realm";
			productName = "Intro to Realm";
			productReference = 3678F2C21F50B68800F7C25D /* Intro to Realm.app */;
			productType = "com.apple.product-type.application";
		};
/* End PBXNativeTarget section */

/* Begin PBXProject section */
		3678F2BA1F50B68800F7C25D /* Project object */ = {
			isa = PBXProject;
			attributes = {
				LastSwiftUpdateCheck = 0830;
				LastUpgradeCheck = 0830;
				ORGANIZATIONNAME = "Syed Askari";
				TargetAttributes = {
					3678F2C11F50B68800F7C25D = {
						CreatedOnToolsVersion = 8.3.3;
						DevelopmentTeam = 824M9D9K7F;
						ProvisioningStyle = Automatic;
					};
				};
			};
			buildConfigurationList = 3678F2BD1F50B68800F7C25D /* Build configuration list for PBXProject "Intro to Realm" */;
			compatibilityVersion = "Xcode 3.2";
			developmentRegion = English;
			hasScannedForEncodings = 0;
			knownRegions = (
				en,
				Base,
			);
			mainGroup = 3678F2B91F50B68800F7C25D;
			productRefGroup = 3678F2C31F50B68800F7C25D /* Products */;
			projectDirPath = "";
			projectRoot = "";
			targets = (
				3678F2C11F50B68800F7C25D /* Intro to Realm */,
			);
		};
/* End PBXProject section */

/* Begin PBXResourcesBuildPhase section */
		3678F2C01F50B68800F7C25D /* Resources */ = {
			isa = PBXResourcesBuildPhase;
			buildActionMask = 2147483647;
			files = (
				3678F2D01F50B68800F7C25D /* LaunchScreen.storyboard in Resources */,
				3678F2CD1F50B68800F7C25D /* Assets.xcassets in Resources */,
				3678F2CB1F50B68800F7C25D /* Main.storyboard in Resources */,
			);
			runOnlyForDeploymentPostprocessing = 0;
		};
/* End PBXResourcesBuildPhase section */

/* Begin PBXSourcesBuildPhase section */
		3678F2BE1F50B68800F7C25D /* Sources */ = {
			isa = PBXSourcesBuildPhase;
			buildActionMask = 2147483647;
			files = (
				3678F2C81F50B68800F7C25D /* ViewController.swift in Sources */,
				3678F2C61F50B68800F7C25D /* AppDelegate.swift in Sources */,
			);
			runOnlyForDeploymentPostprocessing = 0;
		};
/* End PBXSourcesBuildPhase section */

/* Begin PBXVariantGroup section */
		3678F2C91F50B68800F7C25D /* Main.storyboard */ = {
			isa = PBXVariantGroup;
			children = (
				3678F2CA1F50B68800F7C25D /* Base */,
			);
			name = Main.storyboard;
			sourceTree = "<group>";
		};
		3678F2CE1F50B68800F7C25D /* LaunchScreen.storyboard */ = {
			isa = PBXVariantGroup;
			children = (
				3678F2CF1F50B68800F7C25D /* Base */,
			);
			name = LaunchScreen.storyboard;
			sourceTree = "<group>";
		};
/* End PBXVariantGroup section */

/* Begin XCBuildConfiguration section */
		3678F2D21F50B68800F7C25D /* Debug */ = {
			isa = XCBuildConfiguration;
			buildSettings = {
				ALWAYS_SEARCH_USER_PATHS = NO;
				CLANG_ANALYZER_NONNULL = YES;
				CLANG_ANALYZER_NUMBER_OBJECT_CONVERSION = YES_AGGRESSIVE;
				CLANG_CXX_LANGUAGE_STANDARD = "gnu++0x";
				CLANG_CXX_LIBRARY = "libc++";
				CLANG_ENABLE_MODULES = YES;
				CLANG_ENABLE_OBJC_ARC = YES;
				CLANG_WARN_BOOL_CONVERSION = YES;
				CLANG_WARN_CONSTANT_CONVERSION = YES;
				CLANG_WARN_DIRECT_OBJC_ISA_USAGE = YES_ERROR;
				CLANG_WARN_DOCUMENTATION_COMMENTS = YES;
				CLANG_WARN_EMPTY_BODY = YES;
				CLANG_WARN_ENUM_CONVERSION = YES;
				CLANG_WARN_INFINITE_RECURSION = YES;
				CLANG_WARN_INT_CONVERSION = YES;
				CLANG_WARN_OBJC_ROOT_CLASS = YES_ERROR;
				CLANG_WARN_SUSPICIOUS_MOVE = YES;
				CLANG_WARN_UNREACHABLE_CODE = YES;
				CLANG_WARN__DUPLICATE_METHOD_MATCH = YES;
				"CODE_SIGN_IDENTITY[sdk=iphoneos*]" = "iPhone Developer";
				COPY_PHASE_STRIP = NO;
				DEBUG_INFORMATION_FORMAT = dwarf;
				ENABLE_STRICT_OBJC_MSGSEND = YES;
				ENABLE_TESTABILITY = YES;
				GCC_C_LANGUAGE_STANDARD = gnu99;
				GCC_DYNAMIC_NO_PIC = NO;
				GCC_NO_COMMON_BLOCKS = YES;
				GCC_OPTIMIZATION_LEVEL = 0;
				GCC_PREPROCESSOR_DEFINITIONS = (
					"DEBUG=1",
					"$(inherited)",
				);
				GCC_WARN_64_TO_32_BIT_CONVERSION = YES;
				GCC_WARN_ABOUT_RETURN_TYPE = YES_ERROR;
				GCC_WARN_UNDECLARED_SELECTOR = YES;
				GCC_WARN_UNINITIALIZED_AUTOS = YES_AGGRESSIVE;
				GCC_WARN_UNUSED_FUNCTION = YES;
				GCC_WARN_UNUSED_VARIABLE = YES;
				IPHONEOS_DEPLOYMENT_TARGET = 10.3;
				MTL_ENABLE_DEBUG_INFO = YES;
				ONLY_ACTIVE_ARCH = YES;
				SDKROOT = iphoneos;
				SWIFT_ACTIVE_COMPILATION_CONDITIONS = DEBUG;
				SWIFT_OPTIMIZATION_LEVEL = "-Onone";
				TARGETED_DEVICE_FAMILY = "1,2";
			};
			name = Debug;
		};
		3678F2D31F50B68800F7C25D /* Release */ = {
			isa = XCBuildConfiguration;
			buildSettings = {
				ALWAYS_SEARCH_USER_PATHS = NO;
				CLANG_ANALYZER_NONNULL = YES;
				CLANG_ANALYZER_NUMBER_OBJECT_CONVERSION = YES_AGGRESSIVE;
				CLANG_CXX_LANGUAGE_STANDARD = "gnu++0x";
				CLANG_CXX_LIBRARY = "libc++";
				CLANG_ENABLE_MODULES = YES;
				CLANG_ENABLE_OBJC_ARC = YES;
				CLANG_WARN_BOOL_CONVERSION = YES;
				CLANG_WARN_CONSTANT_CONVERSION = YES;
				CLANG_WARN_DIRECT_OBJC_ISA_USAGE = YES_ERROR;
				CLANG_WARN_DOCUMENTATION_COMMENTS = YES;
				CLANG_WARN_EMPTY_BODY = YES;
				CLANG_WARN_ENUM_CONVERSION = YES;
				CLANG_WARN_INFINITE_RECURSION = YES;
				CLANG_WARN_INT_CONVERSION = YES;
				CLANG_WARN_OBJC_ROOT_CLASS = YES_ERROR;
				CLANG_WARN_SUSPICIOUS_MOVE = YES;
				CLANG_WARN_UNREACHABLE_CODE = YES;
				CLANG_WARN__DUPLICATE_METHOD_MATCH = YES;
				"CODE_SIGN_IDENTITY[sdk=iphoneos*]" = "iPhone Developer";
				COPY_PHASE_STRIP = NO;
				DEBUG_INFORMATION_FORMAT = "dwarf-with-dsym";
				ENABLE_NS_ASSERTIONS = NO;
				ENABLE_STRICT_OBJC_MSGSEND = YES;
				GCC_C_LANGUAGE_STANDARD = gnu99;
				GCC_NO_COMMON_BLOCKS = YES;
				GCC_WARN_64_TO_32_BIT_CONVERSION = YES;
				GCC_WARN_ABOUT_RETURN_TYPE = YES_ERROR;
				GCC_WARN_UNDECLARED_SELECTOR = YES;
				GCC_WARN_UNINITIALIZED_AUTOS = YES_AGGRESSIVE;
				GCC_WARN_UNUSED_FUNCTION = YES;
				GCC_WARN_UNUSED_VARIABLE = YES;
				IPHONEOS_DEPLOYMENT_TARGET = 10.3;
				MTL_ENABLE_DEBUG_INFO = NO;
				SDKROOT = iphoneos;
				SWIFT_OPTIMIZATION_LEVEL = "-Owholemodule";
				TARGETED_DEVICE_FAMILY = "1,2";
				VALIDATE_PRODUCT = YES;
			};
			name = Release;
		};
		3678F2D51F50B68800F7C25D /* Debug */ = {
			isa = XCBuildConfiguration;
			buildSettings = {
				ASSETCATALOG_COMPILER_APPICON_NAME = AppIcon;
				DEVELOPMENT_TEAM = 824M9D9K7F;
				INFOPLIST_FILE = "Intro to Realm/Info.plist";
				LD_RUNPATH_SEARCH_PATHS = "$(inherited) @executable_path/Frameworks";
				PRODUCT_BUNDLE_IDENTIFIER = "com.askari.Intro-to-Realm";
				PRODUCT_NAME = "$(TARGET_NAME)";
				SWIFT_VERSION = 3.0;
			};
			name = Debug;
		};
		3678F2D61F50B68800F7C25D /* Release */ = {
			isa = XCBuildConfiguration;
			buildSettings = {
				ASSETCATALOG_COMPILER_APPICON_NAME = AppIcon;
				DEVELOPMENT_TEAM = 824M9D9K7F;
				INFOPLIST_FILE = "Intro to Realm/Info.plist";
				LD_RUNPATH_SEARCH_PATHS = "$(inherited) @executable_path/Frameworks";
				PRODUCT_BUNDLE_IDENTIFIER = "com.askari.Intro-to-Realm";
				PRODUCT_NAME = "$(TARGET_NAME)";
				SWIFT_VERSION = 3.0;
			};
			name = Release;
		};
/* End XCBuildConfiguration section */

/* Begin XCConfigurationList section */
		3678F2BD1F50B68800F7C25D /* Build configuration list for PBXProject "Intro to Realm" */ = {
			isa = XCConfigurationList;
			buildConfigurations = (
				3678F2D21F50B68800F7C25D /* Debug */,
				3678F2D31F50B68800F7C25D /* Release */,
			);
			defaultConfigurationIsVisible = 0;
			defaultConfigurationName = Release;
		};
		3678F2D41F50B68800F7C25D /* Build configuration list for PBXNativeTarget "Intro to Realm" */ = {
			isa = XCConfigurationList;
			buildConfigurations = (
				3678F2D51F50B68800F7C25D /* Debug */,
				3678F2D61F50B68800F7C25D /* Release */,
			);
			defaultConfigurationIsVisible = 0;
		};
/* End XCConfigurationList section */
	};
	rootObject = 3678F2BA1F50B68800F7C25D /* Project object */;
}
